
Microsoft Visual Studio Solution File, Format Version 11.00
# Visual Studio 2010
Project("{F184B08F-C81C-45F6-A57F-5ABD9991F28F}") = "O-Analyzer", "O-Analyzer\O-Analyzer.vbproj", "{09199611-CE46-42C5-A255-4F587A3AF6F7}"
	ProjectSection(ProjectDependencies) = postProject
		{DFD129BE-7D89-40DF-8160-A2CF10065EF0} = {DFD129BE-7D89-40DF-8160-A2CF10065EF0}
	EndProjectSection
EndProject
Project("{F184B08F-C81C-45F6-A57F-5ABD9991F28F}") = "CLS_FILE", "CLS_FILE\CLS_FILE.vbproj", "{1DCEDA70-830C-4C03-8307-D714FA21BD8C}"
EndProject
Project("{F184B08F-C81C-45F6-A57F-5ABD9991F28F}") = "CLS_OO4O", "CLS_OO4O\CLS_OO4O.vbproj", "{5D6F66A8-EBAC-4AEB-B595-33C9379033DA}"
	ProjectSection(ProjectDependencies) = postProject
		{1DCEDA70-830C-4C03-8307-D714FA21BD8C} = {1DCEDA70-830C-4C03-8307-D714FA21BD8C}
	EndProjectSection
EndProject
Project("{F184B08F-C81C-45F6-A57F-5ABD9991F28F}") = "CLS_ODP", "CLS_ODP\CLS_ODP.vbproj", "{187C65F4-30B0-4B19-8892-15EA7346DE69}"
EndProject
Project("{F184B08F-C81C-45F6-A57F-5ABD9991F28F}") = "CLS_CONST", "CLS_CONST\CLS_CONST.vbproj", "{920620D7-6E31-4CFB-9D9E-7171EB844607}"
EndProject
Project("{F184B08F-C81C-45F6-A57F-5ABD9991F28F}") = "CLS_MS_CL", "CLS_MS_CL\CLS_MS_CL.vbproj", "{2446E6E3-C356-41D6-80DE-A5708D93F23E}"
	ProjectSection(ProjectDependencies) = postProject
		{1DCEDA70-830C-4C03-8307-D714FA21BD8C} = {1DCEDA70-830C-4C03-8307-D714FA21BD8C}
	EndProjectSection
EndProject
Project("{F184B08F-C81C-45F6-A57F-5ABD9991F28F}") = "CLS_ODBC", "CLS_ODBC\CLS_ODBC.vbproj", "{2C1346DA-E46D-4F99-B64F-E30F11E0AC92}"
EndProject
Project("{F184B08F-C81C-45F6-A57F-5ABD9991F28F}") = "CLS_COMMON", "CLS_COMMON\CLS_COMMON.vbproj", "{02A91B1B-EDA6-494A-B996-DC4947075085}"
EndProject
Project("{F184B08F-C81C-45F6-A57F-5ABD9991F28F}") = "CLS_DB", "CLS_DB\CLS_DB.vbproj", "{DFD129BE-7D89-40DF-8160-A2CF10065EF0}"
EndProject
Project("{F184B08F-C81C-45F6-A57F-5ABD9991F28F}") = "FRM_INTERNAL", "FRM_INTERNAL\FRM_INTERNAL.vbproj", "{F4250ACF-75CE-4B7E-BCF2-9605875C91EC}"
EndProject
Global
	GlobalSection(SolutionConfigurationPlatforms) = preSolution
		Debug|Any CPU = Debug|Any CPU
		Debug|Mixed Platforms = Debug|Mixed Platforms
		Debug|x86 = Debug|x86
		Release|Any CPU = Release|Any CPU
		Release|Mixed Platforms = Release|Mixed Platforms
		Release|x86 = Release|x86
		x86|Any CPU = x86|Any CPU
		x86|Mixed Platforms = x86|Mixed Platforms
		x86|x86 = x86|x86
	EndGlobalSection
	GlobalSection(ProjectConfigurationPlatforms) = postSolution
		{09199611-CE46-42C5-A255-4F587A3AF6F7}.Debug|Any CPU.ActiveCfg = Debug|Any CPU
		{09199611-CE46-42C5-A255-4F587A3AF6F7}.Debug|Any CPU.Build.0 = Debug|Any CPU
		{09199611-CE46-42C5-A255-4F587A3AF6F7}.Debug|Mixed Platforms.ActiveCfg = Debug|Any CPU
		{09199611-CE46-42C5-A255-4F587A3AF6F7}.Debug|Mixed Platforms.Build.0 = Debug|Any CPU
		{09199611-CE46-42C5-A255-4F587A3AF6F7}.Debug|x86.ActiveCfg = Debug|Any CPU
		{09199611-CE46-42C5-A255-4F587A3AF6F7}.Release|Any CPU.ActiveCfg = Release|Any CPU
		{09199611-CE46-42C5-A255-4F587A3AF6F7}.Release|Any CPU.Build.0 = Release|Any CPU
		{09199611-CE46-42C5-A255-4F587A3AF6F7}.Release|Mixed Platforms.ActiveCfg = Release|Any CPU
		{09199611-CE46-42C5-A255-4F587A3AF6F7}.Release|Mixed Platforms.Build.0 = Release|Any CPU
		{09199611-CE46-42C5-A255-4F587A3AF6F7}.Release|x86.ActiveCfg = Release|Any CPU
		{09199611-CE46-42C5-A255-4F587A3AF6F7}.x86|Any CPU.ActiveCfg = x86|Any CPU
		{09199611-CE46-42C5-A255-4F587A3AF6F7}.x86|Any CPU.Build.0 = x86|Any CPU
		{09199611-CE46-42C5-A255-4F587A3AF6F7}.x86|Mixed Platforms.ActiveCfg = x86|Any CPU
		{09199611-CE46-42C5-A255-4F587A3AF6F7}.x86|Mixed Platforms.Build.0 = x86|Any CPU
		{09199611-CE46-42C5-A255-4F587A3AF6F7}.x86|x86.ActiveCfg = x86|x86
		{09199611-CE46-42C5-A255-4F587A3AF6F7}.x86|x86.Build.0 = x86|x86
		{1DCEDA70-830C-4C03-8307-D714FA21BD8C}.Debug|Any CPU.ActiveCfg = Debug|Any CPU
		{1DCEDA70-830C-4C03-8307-D714FA21BD8C}.Debug|Any CPU.Build.0 = Debug|Any CPU
		{1DCEDA70-830C-4C03-8307-D714FA21BD8C}.Debug|Mixed Platforms.ActiveCfg = Debug|Any CPU
		{1DCEDA70-830C-4C03-8307-D714FA21BD8C}.Debug|Mixed Platforms.Build.0 = Debug|Any CPU
		{1DCEDA70-830C-4C03-8307-D714FA21BD8C}.Debug|x86.ActiveCfg = Debug|Any CPU
		{1DCEDA70-830C-4C03-8307-D714FA21BD8C}.Release|Any CPU.ActiveCfg = Release|Any CPU
		{1DCEDA70-830C-4C03-8307-D714FA21BD8C}.Release|Any CPU.Build.0 = Release|Any CPU
		{1DCEDA70-830C-4C03-8307-D714FA21BD8C}.Release|Mixed Platforms.ActiveCfg = Release|Any CPU
		{1DCEDA70-830C-4C03-8307-D714FA21BD8C}.Release|Mixed Platforms.Build.0 = Release|Any CPU
		{1DCEDA70-830C-4C03-8307-D714FA21BD8C}.Release|x86.ActiveCfg = Release|Any CPU
		{1DCEDA70-830C-4C03-8307-D714FA21BD8C}.x86|Any CPU.ActiveCfg = x86|x86
		{1DCEDA70-830C-4C03-8307-D714FA21BD8C}.x86|Any CPU.Build.0 = x86|x86
		{1DCEDA70-830C-4C03-8307-D714FA21BD8C}.x86|Mixed Platforms.ActiveCfg = x86|Any CPU
		{1DCEDA70-830C-4C03-8307-D714FA21BD8C}.x86|Mixed Platforms.Build.0 = x86|Any CPU
		{1DCEDA70-830C-4C03-8307-D714FA21BD8C}.x86|x86.ActiveCfg = x86|x86
		{1DCEDA70-830C-4C03-8307-D714FA21BD8C}.x86|x86.Build.0 = x86|x86
		{5D6F66A8-EBAC-4AEB-B595-33C9379033DA}.Debug|Any CPU.ActiveCfg = Debug|Any CPU
		{5D6F66A8-EBAC-4AEB-B595-33C9379033DA}.Debug|Any CPU.Build.0 = Debug|Any CPU
		{5D6F66A8-EBAC-4AEB-B595-33C9379033DA}.Debug|Mixed Platforms.ActiveCfg = Debug|Any CPU
		{5D6F66A8-EBAC-4AEB-B595-33C9379033DA}.Debug|Mixed Platforms.Build.0 = Debug|Any CPU
		{5D6F66A8-EBAC-4AEB-B595-33C9379033DA}.Debug|x86.ActiveCfg = Debug|Any CPU
		{5D6F66A8-EBAC-4AEB-B595-33C9379033DA}.Release|Any CPU.ActiveCfg = Release|Any CPU
		{5D6F66A8-EBAC-4AEB-B595-33C9379033DA}.Release|Any CPU.Build.0 = Release|Any CPU
		{5D6F66A8-EBAC-4AEB-B595-33C9379033DA}.Release|Mixed Platforms.ActiveCfg = Release|Any CPU
		{5D6F66A8-EBAC-4AEB-B595-33C9379033DA}.Release|Mixed Platforms.Build.0 = Release|Any CPU
		{5D6F66A8-EBAC-4AEB-B595-33C9379033DA}.Release|x86.ActiveCfg = Release|Any CPU
		{5D6F66A8-EBAC-4AEB-B595-33C9379033DA}.x86|Any CPU.ActiveCfg = x86|Any CPU
		{5D6F66A8-EBAC-4AEB-B595-33C9379033DA}.x86|Any CPU.Build.0 = x86|Any CPU
		{5D6F66A8-EBAC-4AEB-B595-33C9379033DA}.x86|Mixed Platforms.ActiveCfg = x86|Any CPU
		{5D6F66A8-EBAC-4AEB-B595-33C9379033DA}.x86|Mixed Platforms.Build.0 = x86|Any CPU
		{5D6F66A8-EBAC-4AEB-B595-33C9379033DA}.x86|x86.ActiveCfg = x86|x86
		{5D6F66A8-EBAC-4AEB-B595-33C9379033DA}.x86|x86.Build.0 = x86|x86
		{187C65F4-30B0-4B19-8892-15EA7346DE69}.Debug|Any CPU.ActiveCfg = Debug|Any CPU
		{187C65F4-30B0-4B19-8892-15EA7346DE69}.Debug|Any CPU.Build.0 = Debug|Any CPU
		{187C65F4-30B0-4B19-8892-15EA7346DE69}.Debug|Mixed Platforms.ActiveCfg = Debug|Any CPU
		{187C65F4-30B0-4B19-8892-15EA7346DE69}.Debug|Mixed Platforms.Build.0 = Debug|Any CPU
		{187C65F4-30B0-4B19-8892-15EA7346DE69}.Debug|x86.ActiveCfg = Debug|Any CPU
		{187C65F4-30B0-4B19-8892-15EA7346DE69}.Release|Any CPU.ActiveCfg = Release|Any CPU
		{187C65F4-30B0-4B19-8892-15EA7346DE69}.Release|Any CPU.Build.0 = Release|Any CPU
		{187C65F4-30B0-4B19-8892-15EA7346DE69}.Release|Mixed Platforms.ActiveCfg = Release|Any CPU
		{187C65F4-30B0-4B19-8892-15EA7346DE69}.Release|Mixed Platforms.Build.0 = Release|Any CPU
		{187C65F4-30B0-4B19-8892-15EA7346DE69}.Release|x86.ActiveCfg = Release|Any CPU
		{187C65F4-30B0-4B19-8892-15EA7346DE69}.x86|Any CPU.ActiveCfg = x86|Any CPU
		{187C65F4-30B0-4B19-8892-15EA7346DE69}.x86|Any CPU.Build.0 = x86|Any CPU
		{187C65F4-30B0-4B19-8892-15EA7346DE69}.x86|Mixed Platforms.ActiveCfg = x86|Any CPU
		{187C65F4-30B0-4B19-8892-15EA7346DE69}.x86|Mixed Platforms.Build.0 = x86|Any CPU
		{187C65F4-30B0-4B19-8892-15EA7346DE69}.x86|x86.ActiveCfg = x86|x86
		{187C65F4-30B0-4B19-8892-15EA7346DE69}.x86|x86.Build.0 = x86|x86
		{920620D7-6E31-4CFB-9D9E-7171EB844607}.Debug|Any CPU.ActiveCfg = Debug|Any CPU
		{920620D7-6E31-4CFB-9D9E-7171EB844607}.Debug|Any CPU.Build.0 = Debug|Any CPU
		{920620D7-6E31-4CFB-9D9E-7171EB844607}.Debug|Mixed Platforms.ActiveCfg = Debug|Any CPU
		{920620D7-6E31-4CFB-9D9E-7171EB844607}.Debug|Mixed Platforms.Build.0 = Debug|Any CPU
		{920620D7-6E31-4CFB-9D9E-7171EB844607}.Debug|x86.ActiveCfg = Debug|Any CPU
		{920620D7-6E31-4CFB-9D9E-7171EB844607}.Release|Any CPU.ActiveCfg = Release|Any CPU
		{920620D7-6E31-4CFB-9D9E-7171EB844607}.Release|Any CPU.Build.0 = Release|Any CPU
		{920620D7-6E31-4CFB-9D9E-7171EB844607}.Release|Mixed Platforms.ActiveCfg = Release|Any CPU
		{920620D7-6E31-4CFB-9D9E-7171EB844607}.Release|Mixed Platforms.Build.0 = Release|Any CPU
		{920620D7-6E31-4CFB-9D9E-7171EB844607}.Release|x86.ActiveCfg = Release|Any CPU
		{920620D7-6E31-4CFB-9D9E-7171EB844607}.x86|Any CPU.ActiveCfg = x86|x86
		{920620D7-6E31-4CFB-9D9E-7171EB844607}.x86|Any CPU.Build.0 = x86|x86
		{920620D7-6E31-4CFB-9D9E-7171EB844607}.x86|Mixed Platforms.ActiveCfg = x86|Any CPU
		{920620D7-6E31-4CFB-9D9E-7171EB844607}.x86|Mixed Platforms.Build.0 = x86|Any CPU
		{920620D7-6E31-4CFB-9D9E-7171EB844607}.x86|x86.ActiveCfg = x86|x86
		{920620D7-6E31-4CFB-9D9E-7171EB844607}.x86|x86.Build.0 = x86|x86
		{2446E6E3-C356-41D6-80DE-A5708D93F23E}.Debug|Any CPU.ActiveCfg = Debug|Any CPU
		{2446E6E3-C356-41D6-80DE-A5708D93F23E}.Debug|Any CPU.Build.0 = Debug|Any CPU
		{2446E6E3-C356-41D6-80DE-A5708D93F23E}.Debug|Mixed Platforms.ActiveCfg = Debug|Any CPU
		{2446E6E3-C356-41D6-80DE-A5708D93F23E}.Debug|Mixed Platforms.Build.0 = Debug|Any CPU
		{2446E6E3-C356-41D6-80DE-A5708D93F23E}.Debug|x86.ActiveCfg = Debug|Any CPU
		{2446E6E3-C356-41D6-80DE-A5708D93F23E}.Release|Any CPU.ActiveCfg = Release|Any CPU
		{2446E6E3-C356-41D6-80DE-A5708D93F23E}.Release|Any CPU.Build.0 = Release|Any CPU
		{2446E6E3-C356-41D6-80DE-A5708D93F23E}.Release|Mixed Platforms.ActiveCfg = Release|Any CPU
		{2446E6E3-C356-41D6-80DE-A5708D93F23E}.Release|Mixed Platforms.Build.0 = Release|Any CPU
		{2446E6E3-C356-41D6-80DE-A5708D93F23E}.Release|x86.ActiveCfg = Release|Any CPU
		{2446E6E3-C356-41D6-80DE-A5708D93F23E}.x86|Any CPU.ActiveCfg = x86|x86
		{2446E6E3-C356-41D6-80DE-A5708D93F23E}.x86|Any CPU.Build.0 = x86|x86
		{2446E6E3-C356-41D6-80DE-A5708D93F23E}.x86|Mixed Platforms.ActiveCfg = x86|Any CPU
		{2446E6E3-C356-41D6-80DE-A5708D93F23E}.x86|Mixed Platforms.Build.0 = x86|Any CPU
		{2446E6E3-C356-41D6-80DE-A5708D93F23E}.x86|x86.ActiveCfg = x86|x86
		{2446E6E3-C356-41D6-80DE-A5708D93F23E}.x86|x86.Build.0 = x86|x86
		{2C1346DA-E46D-4F99-B64F-E30F11E0AC92}.Debug|Any CPU.ActiveCfg = Debug|Any CPU
		{2C1346DA-E46D-4F99-B64F-E30F11E0AC92}.Debug|Any CPU.Build.0 = Debug|Any CPU
		{2C1346DA-E46D-4F99-B64F-E30F11E0AC92}.Debug|Mixed Platforms.ActiveCfg = Debug|Any CPU
		{2C1346DA-E46D-4F99-B64F-E30F11E0AC92}.Debug|Mixed Platforms.Build.0 = Debug|Any CPU
		{2C1346DA-E46D-4F99-B64F-E30F11E0AC92}.Debug|x86.ActiveCfg = Debug|Any CPU
		{2C1346DA-E46D-4F99-B64F-E30F11E0AC92}.Release|Any CPU.ActiveCfg = Release|Any CPU
		{2C1346DA-E46D-4F99-B64F-E30F11E0AC92}.Release|Any CPU.Build.0 = Release|Any CPU
		{2C1346DA-E46D-4F99-B64F-E30F11E0AC92}.Release|Mixed Platforms.ActiveCfg = Release|Any CPU
		{2C1346DA-E46D-4F99-B64F-E30F11E0AC92}.Release|Mixed Platforms.Build.0 = Release|Any CPU
		{2C1346DA-E46D-4F99-B64F-E30F11E0AC92}.Release|x86.ActiveCfg = Release|Any CPU
		{2C1346DA-E46D-4F99-B64F-E30F11E0AC92}.x86|Any CPU.ActiveCfg = x86|Any CPU
		{2C1346DA-E46D-4F99-B64F-E30F11E0AC92}.x86|Any CPU.Build.0 = x86|Any CPU
		{2C1346DA-E46D-4F99-B64F-E30F11E0AC92}.x86|Mixed Platforms.ActiveCfg = x86|Any CPU
		{2C1346DA-E46D-4F99-B64F-E30F11E0AC92}.x86|Mixed Platforms.Build.0 = x86|Any CPU
		{2C1346DA-E46D-4F99-B64F-E30F11E0AC92}.x86|x86.ActiveCfg = x86|x86
		{2C1346DA-E46D-4F99-B64F-E30F11E0AC92}.x86|x86.Build.0 = x86|x86
		{02A91B1B-EDA6-494A-B996-DC4947075085}.Debug|Any CPU.ActiveCfg = Debug|Any CPU
		{02A91B1B-EDA6-494A-B996-DC4947075085}.Debug|Any CPU.Build.0 = Debug|Any CPU
		{02A91B1B-EDA6-494A-B996-DC4947075085}.Debug|Mixed Platforms.ActiveCfg = Debug|Any CPU
		{02A91B1B-EDA6-494A-B996-DC4947075085}.Debug|Mixed Platforms.Build.0 = Debug|Any CPU
		{02A91B1B-EDA6-494A-B996-DC4947075085}.Debug|x86.ActiveCfg = Debug|Any CPU
		{02A91B1B-EDA6-494A-B996-DC4947075085}.Release|Any CPU.ActiveCfg = Release|Any CPU
		{02A91B1B-EDA6-494A-B996-DC4947075085}.Release|Any CPU.Build.0 = Release|Any CPU
		{02A91B1B-EDA6-494A-B996-DC4947075085}.Release|Mixed Platforms.ActiveCfg = Release|Any CPU
		{02A91B1B-EDA6-494A-B996-DC4947075085}.Release|Mixed Platforms.Build.0 = Release|Any CPU
		{02A91B1B-EDA6-494A-B996-DC4947075085}.Release|x86.ActiveCfg = Release|Any CPU
		{02A91B1B-EDA6-494A-B996-DC4947075085}.x86|Any CPU.ActiveCfg = x86|x86
		{02A91B1B-EDA6-494A-B996-DC4947075085}.x86|Any CPU.Build.0 = x86|x86
		{02A91B1B-EDA6-494A-B996-DC4947075085}.x86|Mixed Platforms.ActiveCfg = x86|Any CPU
		{02A91B1B-EDA6-494A-B996-DC4947075085}.x86|Mixed Platforms.Build.0 = x86|Any CPU
		{02A91B1B-EDA6-494A-B996-DC4947075085}.x86|x86.ActiveCfg = x86|x86
		{02A91B1B-EDA6-494A-B996-DC4947075085}.x86|x86.Build.0 = x86|x86
		{DFD129BE-7D89-40DF-8160-A2CF10065EF0}.Debug|Any CPU.ActiveCfg = Debug|Any CPU
		{DFD129BE-7D89-40DF-8160-A2CF10065EF0}.Debug|Any CPU.Build.0 = Debug|Any CPU
		{DFD129BE-7D89-40DF-8160-A2CF10065EF0}.Debug|Mixed Platforms.ActiveCfg = Debug|Any CPU
		{DFD129BE-7D89-40DF-8160-A2CF10065EF0}.Debug|Mixed Platforms.Build.0 = Debug|Any CPU
		{DFD129BE-7D89-40DF-8160-A2CF10065EF0}.Debug|x86.ActiveCfg = Debug|Any CPU
		{DFD129BE-7D89-40DF-8160-A2CF10065EF0}.Release|Any CPU.ActiveCfg = Release|Any CPU
		{DFD129BE-7D89-40DF-8160-A2CF10065EF0}.Release|Any CPU.Build.0 = Release|Any CPU
		{DFD129BE-7D89-40DF-8160-A2CF10065EF0}.Release|Mixed Platforms.ActiveCfg = Release|Any CPU
		{DFD129BE-7D89-40DF-8160-A2CF10065EF0}.Release|Mixed Platforms.Build.0 = Release|Any CPU
		{DFD129BE-7D89-40DF-8160-A2CF10065EF0}.Release|x86.ActiveCfg = Release|Any CPU
		{DFD129BE-7D89-40DF-8160-A2CF10065EF0}.x86|Any CPU.ActiveCfg = x86|x86
		{DFD129BE-7D89-40DF-8160-A2CF10065EF0}.x86|Any CPU.Build.0 = x86|x86
		{DFD129BE-7D89-40DF-8160-A2CF10065EF0}.x86|Mixed Platforms.ActiveCfg = x86|Any CPU
		{DFD129BE-7D89-40DF-8160-A2CF10065EF0}.x86|Mixed Platforms.Build.0 = x86|Any CPU
		{DFD129BE-7D89-40DF-8160-A2CF10065EF0}.x86|x86.ActiveCfg = x86|x86
		{DFD129BE-7D89-40DF-8160-A2CF10065EF0}.x86|x86.Build.0 = x86|x86
		{F4250ACF-75CE-4B7E-BCF2-9605875C91EC}.Debug|Any CPU.ActiveCfg = Debug|Any CPU
		{F4250ACF-75CE-4B7E-BCF2-9605875C91EC}.Debug|Any CPU.Build.0 = Debug|Any CPU
		{F4250ACF-75CE-4B7E-BCF2-9605875C91EC}.Debug|Mixed Platforms.ActiveCfg = Debug|Any CPU
		{F4250ACF-75CE-4B7E-BCF2-9605875C91EC}.Debug|Mixed Platforms.Build.0 = Debug|Any CPU
		{F4250ACF-75CE-4B7E-BCF2-9605875C91EC}.Debug|x86.ActiveCfg = Debug|Any CPU
		{F4250ACF-75CE-4B7E-BCF2-9605875C91EC}.Release|Any CPU.ActiveCfg = Release|Any CPU
		{F4250ACF-75CE-4B7E-BCF2-9605875C91EC}.Release|Any CPU.Build.0 = Release|Any CPU
		{F4250ACF-75CE-4B7E-BCF2-9605875C91EC}.Release|Mixed Platforms.ActiveCfg = Release|Any CPU
		{F4250ACF-75CE-4B7E-BCF2-9605875C91EC}.Release|Mixed Platforms.Build.0 = Release|Any CPU
		{F4250ACF-75CE-4B7E-BCF2-9605875C91EC}.Release|x86.ActiveCfg = Release|Any CPU
		{F4250ACF-75CE-4B7E-BCF2-9605875C91EC}.x86|Any CPU.ActiveCfg = x86|Any CPU
		{F4250ACF-75CE-4B7E-BCF2-9605875C91EC}.x86|Any CPU.Build.0 = x86|Any CPU
		{F4250ACF-75CE-4B7E-BCF2-9605875C91EC}.x86|Mixed Platforms.ActiveCfg = x86|Any CPU
		{F4250ACF-75CE-4B7E-BCF2-9605875C91EC}.x86|Mixed Platforms.Build.0 = x86|Any CPU
		{F4250ACF-75CE-4B7E-BCF2-9605875C91EC}.x86|x86.ActiveCfg = x86|x86
		{F4250ACF-75CE-4B7E-BCF2-9605875C91EC}.x86|x86.Build.0 = x86|x86
	EndGlobalSection
	GlobalSection(SolutionProperties) = preSolution
		HideSolutionNode = FALSE
	EndGlobalSection
EndGlobal
